
Microsoft Visual Studio Solution File, Format Version 12.00
# Visual Studio 2013
VisualStudioVersion = 12.0.30723.0
MinimumVisualStudioVersion = 10.0.40219.1
Project("{FAE04EC0-301F-11D3-BF4B-00C04F79EFBC}") = "Best.Core", "Best.Core\Best.Core.csproj", "{8811BC5F-FA44-40A4-B7CF-E4A4B5BE19DC}"
EndProject
Project("{2150E333-8FDC-42A3-9474-1A3956D46DE8}") = "Libraries", "Libraries", "{E83CD646-32F5-4528-9A89-D322F4F529CA}"
EndProject
Project("{2150E333-8FDC-42A3-9474-1A3956D46DE8}") = "Presentation", "Presentation", "{D7BB19B1-D413-42C1-A1CE-115E6D7DF18F}"
EndProject
Project("{2150E333-8FDC-42A3-9474-1A3956D46DE8}") = "Plugins", "Plugins", "{CD038C57-8D0C-4956-938C-7596858BF0D4}"
EndProject
Project("{FAE04EC0-301F-11D3-BF4B-00C04F79EFBC}") = "Best.Service", "Best.Service\Best.Service.csproj", "{DAFE4840-18A2-4CA1-9105-8AEAEAD5CFDF}"
EndProject
Project("{FAE04EC0-301F-11D3-BF4B-00C04F79EFBC}") = "Best.Web", "Best.Web\Best.Web.csproj", "{550DCBB8-618B-4C38-8D2C-FCBA9523277F}"
EndProject
Project("{FAE04EC0-301F-11D3-BF4B-00C04F79EFBC}") = "Best.Web.Infrastructure", "Best.Web.Infrastructure\Best.Web.Infrastructure.csproj", "{3B756ECA-77AD-4729-8EA3-F8627DC2E2C7}"
EndProject
Project("{FAE04EC0-301F-11D3-BF4B-00C04F79EFBC}") = "Best.IOC", "Best.IOC\Best.IOC.csproj", "{246F7D83-701A-40E8-8B69-B1B578CBF18C}"
EndProject
Project("{FAE04EC0-301F-11D3-BF4B-00C04F79EFBC}") = "Best.Data", "Best.Data\Best.Data.csproj", "{9A923110-2CC4-4200-BF80-6E52EAC85CC3}"
EndProject
Project("{FAE04EC0-301F-11D3-BF4B-00C04F79EFBC}") = "Best.Utilities", "Best.Utilities\Best.Utilities.csproj", "{0BD659D9-8175-48AD-AA42-7ACF95B185C1}"
EndProject
Project("{FAE04EC0-301F-11D3-BF4B-00C04F79EFBC}") = "Best.Test", "Best.Test\Best.Test.csproj", "{84FF9B3E-88E9-4399-816E-B365A08E2178}"
EndProject
Global
	GlobalSection(SolutionConfigurationPlatforms) = preSolution
		Debug|Any CPU = Debug|Any CPU
		Release|Any CPU = Release|Any CPU
	EndGlobalSection
	GlobalSection(ProjectConfigurationPlatforms) = postSolution
		{8811BC5F-FA44-40A4-B7CF-E4A4B5BE19DC}.Debug|Any CPU.ActiveCfg = Debug|Any CPU
		{8811BC5F-FA44-40A4-B7CF-E4A4B5BE19DC}.Debug|Any CPU.Build.0 = Debug|Any CPU
		{8811BC5F-FA44-40A4-B7CF-E4A4B5BE19DC}.Release|Any CPU.ActiveCfg = Release|Any CPU
		{8811BC5F-FA44-40A4-B7CF-E4A4B5BE19DC}.Release|Any CPU.Build.0 = Release|Any CPU
		{DAFE4840-18A2-4CA1-9105-8AEAEAD5CFDF}.Debug|Any CPU.ActiveCfg = Debug|Any CPU
		{DAFE4840-18A2-4CA1-9105-8AEAEAD5CFDF}.Debug|Any CPU.Build.0 = Debug|Any CPU
		{DAFE4840-18A2-4CA1-9105-8AEAEAD5CFDF}.Release|Any CPU.ActiveCfg = Release|Any CPU
		{DAFE4840-18A2-4CA1-9105-8AEAEAD5CFDF}.Release|Any CPU.Build.0 = Release|Any CPU
		{550DCBB8-618B-4C38-8D2C-FCBA9523277F}.Debug|Any CPU.ActiveCfg = Debug|Any CPU
		{550DCBB8-618B-4C38-8D2C-FCBA9523277F}.Debug|Any CPU.Build.0 = Debug|Any CPU
		{550DCBB8-618B-4C38-8D2C-FCBA9523277F}.Release|Any CPU.ActiveCfg = Release|Any CPU
		{550DCBB8-618B-4C38-8D2C-FCBA9523277F}.Release|Any CPU.Build.0 = Release|Any CPU
		{3B756ECA-77AD-4729-8EA3-F8627DC2E2C7}.Debug|Any CPU.ActiveCfg = Debug|Any CPU
		{3B756ECA-77AD-4729-8EA3-F8627DC2E2C7}.Debug|Any CPU.Build.0 = Debug|Any CPU
		{3B756ECA-77AD-4729-8EA3-F8627DC2E2C7}.Release|Any CPU.ActiveCfg = Release|Any CPU
		{3B756ECA-77AD-4729-8EA3-F8627DC2E2C7}.Release|Any CPU.Build.0 = Release|Any CPU
		{246F7D83-701A-40E8-8B69-B1B578CBF18C}.Debug|Any CPU.ActiveCfg = Debug|Any CPU
		{246F7D83-701A-40E8-8B69-B1B578CBF18C}.Debug|Any CPU.Build.0 = Debug|Any CPU
		{246F7D83-701A-40E8-8B69-B1B578CBF18C}.Release|Any CPU.ActiveCfg = Release|Any CPU
		{246F7D83-701A-40E8-8B69-B1B578CBF18C}.Release|Any CPU.Build.0 = Release|Any CPU
		{9A923110-2CC4-4200-BF80-6E52EAC85CC3}.Debug|Any CPU.ActiveCfg = Debug|Any CPU
		{9A923110-2CC4-4200-BF80-6E52EAC85CC3}.Debug|Any CPU.Build.0 = Debug|Any CPU
		{9A923110-2CC4-4200-BF80-6E52EAC85CC3}.Release|Any CPU.ActiveCfg = Release|Any CPU
		{9A923110-2CC4-4200-BF80-6E52EAC85CC3}.Release|Any CPU.Build.0 = Release|Any CPU
		{0BD659D9-8175-48AD-AA42-7ACF95B185C1}.Debug|Any CPU.ActiveCfg = Debug|Any CPU
		{0BD659D9-8175-48AD-AA42-7ACF95B185C1}.Debug|Any CPU.Build.0 = Debug|Any CPU
		{0BD659D9-8175-48AD-AA42-7ACF95B185C1}.Release|Any CPU.ActiveCfg = Release|Any CPU
		{0BD659D9-8175-48AD-AA42-7ACF95B185C1}.Release|Any CPU.Build.0 = Release|Any CPU
		{84FF9B3E-88E9-4399-816E-B365A08E2178}.Debug|Any CPU.ActiveCfg = Debug|Any CPU
		{84FF9B3E-88E9-4399-816E-B365A08E2178}.Debug|Any CPU.Build.0 = Debug|Any CPU
		{84FF9B3E-88E9-4399-816E-B365A08E2178}.Release|Any CPU.ActiveCfg = Release|Any CPU
		{84FF9B3E-88E9-4399-816E-B365A08E2178}.Release|Any CPU.Build.0 = Release|Any CPU
	EndGlobalSection
	GlobalSection(SolutionProperties) = preSolution
		HideSolutionNode = FALSE
	EndGlobalSection
	GlobalSection(NestedProjects) = preSolution
		{8811BC5F-FA44-40A4-B7CF-E4A4B5BE19DC} = {E83CD646-32F5-4528-9A89-D322F4F529CA}
		{DAFE4840-18A2-4CA1-9105-8AEAEAD5CFDF} = {E83CD646-32F5-4528-9A89-D322F4F529CA}
		{550DCBB8-618B-4C38-8D2C-FCBA9523277F} = {D7BB19B1-D413-42C1-A1CE-115E6D7DF18F}
		{3B756ECA-77AD-4729-8EA3-F8627DC2E2C7} = {D7BB19B1-D413-42C1-A1CE-115E6D7DF18F}
		{246F7D83-701A-40E8-8B69-B1B578CBF18C} = {E83CD646-32F5-4528-9A89-D322F4F529CA}
		{9A923110-2CC4-4200-BF80-6E52EAC85CC3} = {E83CD646-32F5-4528-9A89-D322F4F529CA}
		{0BD659D9-8175-48AD-AA42-7ACF95B185C1} = {E83CD646-32F5-4528-9A89-D322F4F529CA}
	EndGlobalSection
EndGlobal
